PODS:
  - Factory (2.2.0)
  - Stinsen (2.0.11)

DEPENDENCIES:
  - Factory (= 2.2.0)
  - Stinsen (from `https://github.com/rundfunk47/stinsen.git`, tag `2.0.13`)

SPEC REPOS:
  https://github.com/CocoaPods/Specs.git:
    - Factory

EXTERNAL SOURCES:
  Stinsen:
    :git: https://github.com/rundfunk47/stinsen.git
    :tag: 2.0.13

CHECKOUT OPTIONS:
  Stinsen:
    :git: https://github.com/rundfunk47/stinsen.git
    :tag: 2.0.13

SPEC CHECKSUMS:
  Factory: ec9527abfa59ddf2a1b024914b1e380f616f9e03
  Stinsen: 68a5e49f1dd66084a9435910d3997ac7bb5bbc20

PODFILE CHECKSUM: d7a2365f1828698e66b6a467c6f909394176cbce

COCOAPODS: 1.13.0
